
Microsoft Visual Studio Solution File, Format Version 11.00
# Visual Studio Version 17

Project("{8BC9CEB8-8B4A-11D0-8D11-00A0C91BC942}") = "MasterOfMuppets - Standalone Plugin", "MasterOfMuppets_StandalonePlugin.vcxproj", "{9B8CB018-9871-05B2-5D6B-09B790496FB7}"
	ProjectSection(ProjectDependencies) = postProject
		{201F3FB6-8CE7-637F-02C6-AE159BD5F7E9} = {201F3FB6-8CE7-637F-02C6-AE159BD5F7E9}
	EndProjectSection
EndProject
Project("{8BC9CEB8-8B4A-11D0-8D11-00A0C91BC942}") = "MasterOfMuppets - VST3", "MasterOfMuppets_VST3.vcxproj", "{EEA62CF2-B21C-1CA4-71CD-59B333186087}"
	ProjectSection(ProjectDependencies) = postProject
		{201F3FB6-8CE7-637F-02C6-AE159BD5F7E9} = {201F3FB6-8CE7-637F-02C6-AE159BD5F7E9}
		{086A003A-5B29-ABA1-8199-289728F1A372} = {086A003A-5B29-ABA1-8199-289728F1A372}
	EndProjectSection
EndProject
Project("{8BC9CEB8-8B4A-11D0-8D11-00A0C91BC942}") = "MasterOfMuppets - Shared Code", "MasterOfMuppets_SharedCode.vcxproj", "{201F3FB6-8CE7-637F-02C6-AE159BD5F7E9}"
EndProject
Project("{8BC9CEB8-8B4A-11D0-8D11-00A0C91BC942}") = "MasterOfMuppets - VST3 Manifest Helper", "MasterOfMuppets_VST3ManifestHelper.vcxproj", "{086A003A-5B29-ABA1-8199-289728F1A372}"
EndProject
Global
	GlobalSection(SolutionConfigurationPlatforms) = preSolution
		Debug|x64 = Debug|x64
		Release|x64 = Release|x64
	EndGlobalSection
	GlobalSection(ProjectConfigurationPlatforms) = postSolution
		{EEA62CF2-B21C-1CA4-71CD-59B333186087}.Debug|x64.ActiveCfg = Debug|x64
		{EEA62CF2-B21C-1CA4-71CD-59B333186087}.Debug|x64.Build.0 = Debug|x64
		{EEA62CF2-B21C-1CA4-71CD-59B333186087}.Release|x64.ActiveCfg = Release|x64
		{EEA62CF2-B21C-1CA4-71CD-59B333186087}.Release|x64.Build.0 = Release|x64
		{9B8CB018-9871-05B2-5D6B-09B790496FB7}.Debug|x64.ActiveCfg = Debug|x64
		{9B8CB018-9871-05B2-5D6B-09B790496FB7}.Debug|x64.Build.0 = Debug|x64
		{9B8CB018-9871-05B2-5D6B-09B790496FB7}.Release|x64.ActiveCfg = Release|x64
		{9B8CB018-9871-05B2-5D6B-09B790496FB7}.Release|x64.Build.0 = Release|x64
		{201F3FB6-8CE7-637F-02C6-AE159BD5F7E9}.Debug|x64.ActiveCfg = Debug|x64
		{201F3FB6-8CE7-637F-02C6-AE159BD5F7E9}.Debug|x64.Build.0 = Debug|x64
		{201F3FB6-8CE7-637F-02C6-AE159BD5F7E9}.Release|x64.ActiveCfg = Release|x64
		{201F3FB6-8CE7-637F-02C6-AE159BD5F7E9}.Release|x64.Build.0 = Release|x64
		{086A003A-5B29-ABA1-8199-289728F1A372}.Debug|x64.ActiveCfg = Debug|x64
		{086A003A-5B29-ABA1-8199-289728F1A372}.Debug|x64.Build.0 = Debug|x64
		{086A003A-5B29-ABA1-8199-289728F1A372}.Release|x64.ActiveCfg = Release|x64
		{086A003A-5B29-ABA1-8199-289728F1A372}.Release|x64.Build.0 = Release|x64
	EndGlobalSection
	GlobalSection(SolutionProperties) = preSolution
		HideSolutionNode = FALSE
	EndGlobalSection
EndGlobal
